
Microsoft Visual Studio Solution File, Format Version 12.00
# Visual Studio Version 16
VisualStudioVersion = 16.0.34301.259
MinimumVisualStudioVersion = 10.0.40219.1
Project("{FAE04EC0-301F-11D3-BF4B-00C04F79EFBC}") = "GuyObjects", "GuyObjects\GuyObjects.csproj", "{45A03D88-EDB8-43FA-8332-3444CB92A747}"
EndProject
Global
	GlobalSection(SolutionConfigurationPlatforms) = preSolution
		Debug|Any CPU = Debug|Any CPU
		Release|Any CPU = Release|Any CPU
	EndGlobalSection
	GlobalSection(ProjectConfigurationPlatforms) = postSolution
		{45A03D88-EDB8-43FA-8332-3444CB92A747}.Debug|Any CPU.ActiveCfg = Debug|Any CPU
		{45A03D88-EDB8-43FA-8332-3444CB92A747}.Debug|Any CPU.Build.0 = Debug|Any CPU
		{45A03D88-EDB8-43FA-8332-3444CB92A747}.Release|Any CPU.ActiveCfg = Release|Any CPU
		{45A03D88-EDB8-43FA-8332-3444CB92A747}.Release|Any CPU.Build.0 = Release|Any CPU
	EndGlobalSection
	GlobalSection(SolutionProperties) = preSolution
		HideSolutionNode = FALSE
	EndGlobalSection
	GlobalSection(ExtensibilityGlobals) = postSolution
		SolutionGuid = {21EAE8C5-EBBC-43D4-B82D-A78C8BEDD121}
	EndGlobalSection
EndGlobal
